{
  "name": "kamaji",
  "lockfileVersion": 3,
  "requires": true,
  "packages": {
    "": {
      "name": "kamaji",
      "dependencies": {
        "hono": "^4.10.8",
        "hono-rate-limiter": "^0.5.3",
        "relative-pathing": "github:ed-yahska-xyz/relative-pathing#main"
      },
      "devDependencies": {
        "@types/bun": "latest"
      },
      "peerDependencies": {
        "typescript": "^5"
      }
    },
    "node_modules/@types/bun": {
      "version": "1.3.11",
      "resolved": "https://registry.npmjs.org/@types/bun/-/bun-1.3.11.tgz",
      "integrity": "sha512-5vPne5QvtpjGpsGYXiFyycfpDF2ECyPcTSsFBMa0fraoxiQyMJ3SmuQIGhzPg2WJuWxVBoxWJ2kClYTcw/4fAg==",
      "dev": true,
      "license": "MIT",
      "dependencies": {
        "bun-types": "1.3.11"
      }
    },
    "node_modules/@types/node": {
      "version": "25.5.2",
      "resolved": "https://registry.npmjs.org/@types/node/-/node-25.5.2.tgz",
      "integrity": "sha512-tO4ZIRKNC+MDWV4qKVZe3Ql/woTnmHDr5JD8UI5hn2pwBrHEwOEMZK7WlNb5RKB6EoJ02gwmQS9OrjuFnZYdpg==",
      "dev": true,
      "license": "MIT",
      "dependencies": {
        "undici-types": "~7.18.0"
      }
    },
    "node_modules/bun-types": {
      "version": "1.3.11",
      "resolved": "https://registry.npmjs.org/bun-types/-/bun-types-1.3.11.tgz",
      "integrity": "sha512-1KGPpoxQWl9f6wcZh57LvrPIInQMn2TQ7jsgxqpRzg+l0QPOFvJVH7HmvHo/AiPgwXy+/Thf6Ov3EdVn1vOabg==",
      "dev": true,
      "license": "MIT",
      "dependencies": {
        "@types/node": "*"
      }
    },
    "node_modules/hono": {
      "version": "4.12.10",
      "resolved": "https://registry.npmjs.org/hono/-/hono-4.12.10.tgz",
      "integrity": "sha512-mx/p18PLy5og9ufies2GOSUqep98Td9q4i/EF6X7yJgAiIopxqdfIO3jbqsi3jRgTgw88jMDEzVKi+V2EF+27w==",
      "license": "MIT",
      "engines": {
        "node": ">=16.9.0"
      }
    },
    "node_modules/hono-rate-limiter": {
      "version": "0.5.3",
      "resolved": "https://registry.npmjs.org/hono-rate-limiter/-/hono-rate-limiter-0.5.3.tgz",
      "integrity": "sha512-M0DxbVMpPELEzLi0AJg1XyBHLGJXz7GySjsPoK+gc5YeeBsdGDGe+2RvVuCAv8ydINiwlbxqYMNxUEyYfRji/A==",
      "license": "MIT",
      "peerDependencies": {
        "hono": "^4.10.8",
        "unstorage": "^1.17.3"
      },
      "peerDependenciesMeta": {
        "unstorage": {
          "optional": true
        }
      }
    },
    "node_modules/relative-pathing": {
      "version": "0.2.1",
      "resolved": "git+ssh://git@github.com/ed-yahska-xyz/relative-pathing.git#6859512239c2fad2c7b579831f4add85686ab3f7",
      "hasInstallScript": true,
      "license": "MIT",
      "bin": {
        "relative-pathing": "bin/relative-pathing"
      },
      "engines": {
        "node": ">=16.0.0"
      }
    },
    "node_modules/typescript": {
      "version": "5.9.3",
      "license": "Apache-2.0",
      "peer": true,
      "bin": {
        "tsc": "bin/tsc",
        "tsserver": "bin/tsserver"
      },
      "engines": {
        "node": ">=14.17"
      }
    },
    "node_modules/undici-types": {
      "version": "7.18.2",
      "resolved": "https://registry.npmjs.org/undici-types/-/undici-types-7.18.2.tgz",
      "integrity": "sha512-AsuCzffGHJybSaRrmr5eHr81mwJU3kjw6M+uprWvCXiNeN9SOGwQ3Jn8jb8m3Z6izVgknn1R0FTCEAP2QrLY/w==",
      "dev": true,
      "license": "MIT"
    }
  }
}
